
Microsoft Visual Studio Solution File, Format Version 12.00
# Visual Studio Version 17
VisualStudioVersion = 17.11.35327.3
MinimumVisualStudioVersion = 10.0.40219.1
Project("{FAE04EC0-301F-11D3-BF4B-00C04F79EFBC}") = "GameRPG", "GameRPG\GameRPG.csproj", "{A0413ABE-76B7-49B4-932D-D1F4D2541677}"
EndProject
Project("{FAE04EC0-301F-11D3-BF4B-00C04F79EFBC}") = "EngineRPG", "..\EngineRPG\EngineRPG\EngineRPG.csproj", "{FA042BE3-D754-4015-A9CF-F7950AF34D52}"
EndProject
Global
	GlobalSection(SolutionConfigurationPlatforms) = preSolution
		Debug|Any CPU = Debug|Any CPU
		Release|Any CPU = Release|Any CPU
	EndGlobalSection
	GlobalSection(ProjectConfigurationPlatforms) = postSolution
		{A0413ABE-76B7-49B4-932D-D1F4D2541677}.Debug|Any CPU.ActiveCfg = Debug|Any CPU
		{A0413ABE-76B7-49B4-932D-D1F4D2541677}.Debug|Any CPU.Build.0 = Debug|Any CPU
		{A0413ABE-76B7-49B4-932D-D1F4D2541677}.Release|Any CPU.ActiveCfg = Release|Any CPU
		{A0413ABE-76B7-49B4-932D-D1F4D2541677}.Release|Any CPU.Build.0 = Release|Any CPU
		{FA042BE3-D754-4015-A9CF-F7950AF34D52}.Debug|Any CPU.ActiveCfg = Debug|Any CPU
		{FA042BE3-D754-4015-A9CF-F7950AF34D52}.Debug|Any CPU.Build.0 = Debug|Any CPU
		{FA042BE3-D754-4015-A9CF-F7950AF34D52}.Release|Any CPU.ActiveCfg = Release|Any CPU
		{FA042BE3-D754-4015-A9CF-F7950AF34D52}.Release|Any CPU.Build.0 = Release|Any CPU
	EndGlobalSection
	GlobalSection(SolutionProperties) = preSolution
		HideSolutionNode = FALSE
	EndGlobalSection
	GlobalSection(ExtensibilityGlobals) = postSolution
		SolutionGuid = {8E470E3C-F8E0-442D-BBF1-2410E9E536B5}
	EndGlobalSection
EndGlobal
