
Microsoft Visual Studio Solution File, Format Version 12.00
# Visual Studio Version 17
VisualStudioVersion = 17.11.35327.3
MinimumVisualStudioVersion = 10.0.40219.1
Project("{FAE04EC0-301F-11D3-BF4B-00C04F79EFBC}") = "EngineRPG", "EngineRPG\EngineRPG.csproj", "{FA042BE3-D754-4015-A9CF-F7950AF34D52}"
EndProject
Global
	GlobalSection(SolutionConfigurationPlatforms) = preSolution
		Debug|Any CPU = Debug|Any CPU
		Release|Any CPU = Release|Any CPU
	EndGlobalSection
	GlobalSection(ProjectConfigurationPlatforms) = postSolution
		{FA042BE3-D754-4015-A9CF-F7950AF34D52}.Debug|Any CPU.ActiveCfg = Debug|Any CPU
		{FA042BE3-D754-4015-A9CF-F7950AF34D52}.Debug|Any CPU.Build.0 = Debug|Any CPU
		{FA042BE3-D754-4015-A9CF-F7950AF34D52}.Release|Any CPU.ActiveCfg = Release|Any CPU
		{FA042BE3-D754-4015-A9CF-F7950AF34D52}.Release|Any CPU.Build.0 = Release|Any CPU
	EndGlobalSection
	GlobalSection(SolutionProperties) = preSolution
		HideSolutionNode = FALSE
	EndGlobalSection
	GlobalSection(ExtensibilityGlobals) = postSolution
		SolutionGuid = {EC29A906-3A5C-4136-AEF2-D919BDDADDD1}
	EndGlobalSection
EndGlobal
